
Microsoft Visual Studio Solution File, Format Version 12.00
# Visual Studio Version 17
VisualStudioVersion = 17.11.35312.102
MinimumVisualStudioVersion = 10.0.40219.1
Project("{FAE04EC0-301F-11D3-BF4B-00C04F79EFBC}") = "BlogSite.Models", "BlogSite.Models\BlogSite.Models.csproj", "{7474C984-8BC7-4616-80C3-40C7E9462B6D}"
EndProject
Project("{FAE04EC0-301F-11D3-BF4B-00C04F79EFBC}") = "BlogSite.DataAccess", "BlogSite.DataAccess\BlogSite.DataAccess.csproj", "{00C9E6E2-35CD-4723-8163-A9BE2E717A50}"
EndProject
Project("{FAE04EC0-301F-11D3-BF4B-00C04F79EFBC}") = "BlogSite.Service", "BlogSite.Service\BlogSite.Service.csproj", "{FD60DA21-DEA2-4277-8A58-CDF3C8821704}"
EndProject
Project("{FAE04EC0-301F-11D3-BF4B-00C04F79EFBC}") = "BlogSite.API", "BlogSite.API\BlogSite.API.csproj", "{187458F8-B8D7-4EAA-AAC5-5B87301F1D62}"
EndProject
Project("{FAE04EC0-301F-11D3-BF4B-00C04F79EFBC}") = "Core", "Core\Core.csproj", "{90B8A9AA-7B8F-400A-B0F3-39C2EBD952E5}"
EndProject
Global
	GlobalSection(SolutionConfigurationPlatforms) = preSolution
		Debug|Any CPU = Debug|Any CPU
		Release|Any CPU = Release|Any CPU
	EndGlobalSection
	GlobalSection(ProjectConfigurationPlatforms) = postSolution
		{7474C984-8BC7-4616-80C3-40C7E9462B6D}.Debug|Any CPU.ActiveCfg = Debug|Any CPU
		{7474C984-8BC7-4616-80C3-40C7E9462B6D}.Debug|Any CPU.Build.0 = Debug|Any CPU
		{7474C984-8BC7-4616-80C3-40C7E9462B6D}.Release|Any CPU.ActiveCfg = Release|Any CPU
		{7474C984-8BC7-4616-80C3-40C7E9462B6D}.Release|Any CPU.Build.0 = Release|Any CPU
		{00C9E6E2-35CD-4723-8163-A9BE2E717A50}.Debug|Any CPU.ActiveCfg = Debug|Any CPU
		{00C9E6E2-35CD-4723-8163-A9BE2E717A50}.Debug|Any CPU.Build.0 = Debug|Any CPU
		{00C9E6E2-35CD-4723-8163-A9BE2E717A50}.Release|Any CPU.ActiveCfg = Release|Any CPU
		{00C9E6E2-35CD-4723-8163-A9BE2E717A50}.Release|Any CPU.Build.0 = Release|Any CPU
		{FD60DA21-DEA2-4277-8A58-CDF3C8821704}.Debug|Any CPU.ActiveCfg = Debug|Any CPU
		{FD60DA21-DEA2-4277-8A58-CDF3C8821704}.Debug|Any CPU.Build.0 = Debug|Any CPU
		{FD60DA21-DEA2-4277-8A58-CDF3C8821704}.Release|Any CPU.ActiveCfg = Release|Any CPU
		{FD60DA21-DEA2-4277-8A58-CDF3C8821704}.Release|Any CPU.Build.0 = Release|Any CPU
		{187458F8-B8D7-4EAA-AAC5-5B87301F1D62}.Debug|Any CPU.ActiveCfg = Debug|Any CPU
		{187458F8-B8D7-4EAA-AAC5-5B87301F1D62}.Debug|Any CPU.Build.0 = Debug|Any CPU
		{187458F8-B8D7-4EAA-AAC5-5B87301F1D62}.Release|Any CPU.ActiveCfg = Release|Any CPU
		{187458F8-B8D7-4EAA-AAC5-5B87301F1D62}.Release|Any CPU.Build.0 = Release|Any CPU
		{90B8A9AA-7B8F-400A-B0F3-39C2EBD952E5}.Debug|Any CPU.ActiveCfg = Debug|Any CPU
		{90B8A9AA-7B8F-400A-B0F3-39C2EBD952E5}.Debug|Any CPU.Build.0 = Debug|Any CPU
		{90B8A9AA-7B8F-400A-B0F3-39C2EBD952E5}.Release|Any CPU.ActiveCfg = Release|Any CPU
		{90B8A9AA-7B8F-400A-B0F3-39C2EBD952E5}.Release|Any CPU.Build.0 = Release|Any CPU
	EndGlobalSection
	GlobalSection(SolutionProperties) = preSolution
		HideSolutionNode = FALSE
	EndGlobalSection
	GlobalSection(ExtensibilityGlobals) = postSolution
		SolutionGuid = {0FDD4B4A-3385-4C1E-A925-D76289FA5153}
	EndGlobalSection
EndGlobal
